// !$*UTF8*$!
{
	archiveVersion = 1;
	classes = {
	};
	objectVersion = 46;
	objects = {

/* Begin PBXBuildFile section */
		02F796DB1D8689EC0014410B /* main.m in Sources */ = {isa = PBXBuildFile; fileRef = 02F796DA1D8689EC0014410B /* main.m */; };
		02F796DE1D8689EC0014410B /* AppDelegate.m in Sources */ = {isa = PBXBuildFile; fileRef = 02F796DD1D8689EC0014410B /* AppDelegate.m */; };
		02F796E11D8689EC0014410B /* ViewController.m in Sources */ = {isa = PBXBuildFile; fileRef = 02F796E01D8689EC0014410B /* ViewController.m */; };
		02F796E41D8689EC0014410B /* Main.storyboard in Resources */ = {isa = PBXBuildFile; fileRef = 02F796E21D8689EC0014410B /* Main.storyboard */; };
		02F796E61D8689EC0014410B /* Assets.xcassets in Resources */ = {isa = PBXBuildFile; fileRef = 02F796E51D8689EC0014410B /* Assets.xcassets */; };
		02F796E91D8689EC0014410B /* LaunchScreen.storyboard in Resources */ = {isa = PBXBuildFile; fileRef = 02F796E71D8689EC0014410B /* LaunchScreen.storyboard */; };
/* End PBXBuildFile section */

/* Begin PBXFileReference section */
		02F796D61D8689EC0014410B /* Test63.app */ = {isa = PBXFileReference; explicitFileType = wrapper.application; includeInIndex = 0; path = Test63.app; sourceTree = BUILT_PRODUCTS_DIR; };
		02F796DA1D8689EC0014410B /* main.m */ = {isa = PBXFileReference; lastKnownFileType = sourcecode.c.objc; path = main.m; sourceTree = "<group>"; };
		02F796DC1D8689EC0014410B /* AppDelegate.h */ = {isa = PBXFileReference; lastKnownFileType = sourcecode.c.h; path = AppDelegate.h; sourceTree = "<group>"; };
		02F796DD1D8689EC0014410B /* AppDelegate.m */ = {isa = PBXFileReference; lastKnownFileType = sourcecode.c.objc; path = AppDelegate.m; sourceTree = "<group>"; };
		02F796DF1D8689EC0014410B /* ViewController.h */ = {isa = PBXFileReference; lastKnownFileType = sourcecode.c.h; path = ViewController.h; sourceTree = "<group>"; };
		02F796E01D8689EC0014410B /* ViewController.m */ = {isa = PBXFileReference; lastKnownFileType = sourcecode.c.objc; path = ViewController.m; sourceTree = "<group>"; };
		02F796E31D8689EC0014410B /* Base */ = {isa = PBXFileReference; lastKnownFileType = file.storyboard; name = Base; path = Base.lproj/Main.storyboard; sourceTree = "<group>"; };
		02F796E51D8689EC0014410B /* Assets.xcassets */ = {isa = PBXFileReference; lastKnownFileType = folder.assetcatalog; path = Assets.xcassets; sourceTree = "<group>"; };
		02F796E81D8689EC0014410B /* Base */ = {isa = PBXFileReference; lastKnownFileType = file.storyboard; name = Base; path = Base.lproj/LaunchScreen.storyboard; sourceTree = "<group>"; };
		02F796EA1D8689EC0014410B /* Info.plist */ = {isa = PBXFileReference; lastKnownFileType = text.plist.xml; path = Info.plist; sourceTree = "<group>"; };
/* End PBXFileReference section */

/* Begin PBXFrameworksBuildPhase section */
		02F796D31D8689EC0014410B /* Frameworks */ = {
			isa = PBXFrameworksBuildPhase;
			buildActionMask = 2147483647;
			files = (
			);
			runOnlyForDeploymentPostprocessing = 0;
		};
/* End PBXFrameworksBuildPhase section */

/* Begin PBXGroup section */
		02F796CD1D8689EC0014410B = {
			isa = PBXGroup;
			children = (
				02F796D81D8689EC0014410B /* Test63 */,
				02F796D71D8689EC0014410B /* Products */,
			);
			sourceTree = "<group>";
		};
		02F796D71D8689EC0014410B /* Products */ = {
			isa = PBXGroup;
			children = (
				02F796D61D8689EC0014410B /* Test63.app */,
			);
			name = Products;
			sourceTree = "<group>";
		};
		02F796D81D8689EC0014410B /* Test63 */ = {
			isa = PBXGroup;
			children = (
				02F796DC1D8689EC0014410B /* AppDelegate.h */,
				02F796DD1D8689EC0014410B /* AppDelegate.m */,
				02F796DF1D8689EC0014410B /* ViewController.h */,
				02F796E01D8689EC0014410B /* ViewController.m */,
				02F796E21D8689EC0014410B /* Main.storyboard */,
				02F796E51D8689EC0014410B /* Assets.xcassets */,
				02F796E71D8689EC0014410B /* LaunchScreen.storyboard */,
				02F796EA1D8689EC0014410B /* Info.plist */,
				02F796D91D8689EC0014410B /* Supporting Files */,
			);
			path = Test63;
			sourceTree = "<group>";
		};
		02F796D91D8689EC0014410B /* Supporting Files */ = {
			isa = PBXGroup;
			children = (
				02F796DA1D8689EC0014410B /* main.m */,
			);
			name = "Supporting Files";
			sourceTree = "<group>";
		};
/* End PBXGroup section */

/* Begin PBXNativeTarget section */
		02F796D51D8689EC0014410B /* Test63 */ = {
			isa = PBXNativeTarget;
			buildConfigurationList = 02F796ED1D8689EC0014410B /* Build configuration list for PBXNativeTarget "Test63" */;
			buildPhases = (
				02F796D21D8689EC0014410B /* Sources */,
				02F796D31D8689EC0014410B /* Frameworks */,
				02F796D41D8689EC0014410B /* Resources */,
			);
			buildRules = (
			);
			dependencies = (
			);
			name = Test63;
			productName = Test63;
			productReference = 02F796D61D8689EC0014410B /* Test63.app */;
			productType = "com.apple.product-type.application";
		};
/* End PBXNativeTarget section */

/* Begin PBXProject section */
		02F796CE1D8689EC0014410B /* Project object */ = {
			isa = PBXProject;
			attributes = {
				LastUpgradeCheck = 0730;
				ORGANIZATIONNAME = YueQi;
				TargetAttributes = {
					02F796D51D8689EC0014410B = {
						CreatedOnToolsVersion = 7.3.1;
						DevelopmentTeam = Z8A4G4QPB5;
					};
				};
			};
			buildConfigurationList = 02F796D11D8689EC0014410B /* Build configuration list for PBXProject "Test63" */;
			compatibilityVersion = "Xcode 3.2";
			developmentRegion = English;
			hasScannedForEncodings = 0;
			knownRegions = (
				en,
				Base,
			);
			mainGroup = 02F796CD1D8689EC0014410B;
			productRefGroup = 02F796D71D8689EC0014410B /* Products */;
			projectDirPath = "";
			projectRoot = "";
			targets = (
				02F796D51D8689EC0014410B /* Test63 */,
			);
		};
/* End PBXProject section */

/* Begin PBXResourcesBuildPhase section */
		02F796D41D8689EC0014410B /* Resources */ = {
			isa = PBXResourcesBuildPhase;
			buildActionMask = 2147483647;
			files = (
				02F796E91D8689EC0014410B /* LaunchScreen.storyboard in Resources */,
				02F796E61D8689EC0014410B /* Assets.xcassets in Resources */,
				02F796E41D8689EC0014410B /* Main.storyboard in Resources */,
			);
			runOnlyForDeploymentPostprocessing = 0;
		};
/* End PBXResourcesBuildPhase section */

/* Begin PBXSourcesBuildPhase section */
		02F796D21D8689EC0014410B /* Sources */ = {
			isa = PBXSourcesBuildPhase;
			buildActionMask = 2147483647;
			files = (
				02F796E11D8689EC0014410B /* ViewController.m in Sources */,
				02F796DE1D8689EC0014410B /* AppDelegate.m in Sources */,
				02F796DB1D8689EC0014410B /* main.m in Sources */,
			);
			runOnlyForDeploymentPostprocessing = 0;
		};
/* End PBXSourcesBuildPhase section */

/* Begin PBXVariantGroup section */
		02F796E21D8689EC0014410B /* Main.storyboard */ = {
			isa = PBXVariantGroup;
			children = (
				02F796E31D8689EC0014410B /* Base */,
			);
			name = Main.storyboard;
			sourceTree = "<group>";
		};
		02F796E71D8689EC0014410B /* LaunchScreen.storyboard */ = {
			isa = PBXVariantGroup;
			children = (
				02F796E81D8689EC0014410B /* Base */,
			);
			name = LaunchScreen.storyboard;
			sourceTree = "<group>";
		};
/* End PBXVariantGroup section */

/* Begin XCBuildConfiguration section */
		02F796EB1D8689EC0014410B /* Debug */ = {
			isa = XCBuildConfiguration;
			buildSettings = {
				ALWAYS_SEARCH_USER_PATHS = NO;
				CLANG_ANALYZER_NONNULL = YES;
				CLANG_CXX_LANGUAGE_STANDARD = "gnu++0x";
				CLANG_CXX_LIBRARY = "libc++";
				CLANG_ENABLE_MODULES = YES;
				CLANG_ENABLE_OBJC_ARC = YES;
				CLANG_WARN_BOOL_CONVERSION = YES;
				CLANG_WARN_CONSTANT_CONVERSION = YES;
				CLANG_WARN_DIRECT_OBJC_ISA_USAGE = YES_ERROR;
				CLANG_WARN_EMPTY_BODY = YES;
				CLANG_WARN_ENUM_CONVERSION = YES;
				CLANG_WARN_INT_CONVERSION = YES;
				CLANG_WARN_OBJC_ROOT_CLASS = YES_ERROR;
				CLANG_WARN_UNREACHABLE_CODE = YES;
				CLANG_WARN__DUPLICATE_METHOD_MATCH = YES;
				"CODE_SIGN_IDENTITY[sdk=iphoneos*]" = "iPhone Developer";
				COPY_PHASE_STRIP = NO;
				DEBUG_INFORMATION_FORMAT = dwarf;
				ENABLE_STRICT_OBJC_MSGSEND = YES;
				ENABLE_TESTABILITY = YES;
				GCC_C_LANGUAGE_STANDARD = gnu99;
				GCC_DYNAMIC_NO_PIC = NO;
				GCC_NO_COMMON_BLOCKS = YES;
				GCC_OPTIMIZATION_LEVEL = 0;
				GCC_PREPROCESSOR_DEFINITIONS = (
					"DEBUG=1",
					"$(inherited)",
				);
				GCC_WARN_64_TO_32_BIT_CONVERSION = YES;
				GCC_WARN_ABOUT_RETURN_TYPE = YES_ERROR;
				GCC_WARN_UNDECLARED_SELECTOR = YES;
				GCC_WARN_UNINITIALIZED_AUTOS = YES_AGGRESSIVE;
				GCC_WARN_UNUSED_FUNCTION = YES;
				GCC_WARN_UNUSED_VARIABLE = YES;
				IPHONEOS_DEPLOYMENT_TARGET = 9.3;
				MTL_ENABLE_DEBUG_INFO = YES;
				ONLY_ACTIVE_ARCH = YES;
				SDKROOT = iphoneos;
			};
			name = Debug;
		};
		02F796EC1D8689EC0014410B /* Release */ = {
			isa = XCBuildConfiguration;
			buildSettings = {
				ALWAYS_SEARCH_USER_PATHS = NO;
				CLANG_ANALYZER_NONNULL = YES;
				CLANG_CXX_LANGUAGE_STANDARD = "gnu++0x";
				CLANG_CXX_LIBRARY = "libc++";
				CLANG_ENABLE_MODULES = YES;
				CLANG_ENABLE_OBJC_ARC = YES;
				CLANG_WARN_BOOL_CONVERSION = YES;
				CLANG_WARN_CONSTANT_CONVERSION = YES;
				CLANG_WARN_DIRECT_OBJC_ISA_USAGE = YES_ERROR;
				CLANG_WARN_EMPTY_BODY = YES;
				CLANG_WARN_ENUM_CONVERSION = YES;
				CLANG_WARN_INT_CONVERSION = YES;
				CLANG_WARN_OBJC_ROOT_CLASS = YES_ERROR;
				CLANG_WARN_UNREACHABLE_CODE = YES;
				CLANG_WARN__DUPLICATE_METHOD_MATCH = YES;
				"CODE_SIGN_IDENTITY[sdk=iphoneos*]" = "iPhone Developer";
				COPY_PHASE_STRIP = NO;
				DEBUG_INFORMATION_FORMAT = "dwarf-with-dsym";
				ENABLE_NS_ASSERTIONS = NO;
				ENABLE_STRICT_OBJC_MSGSEND = YES;
				GCC_C_LANGUAGE_STANDARD = gnu99;
				GCC_NO_COMMON_BLOCKS = YES;
				GCC_WARN_64_TO_32_BIT_CONVERSION = YES;
				GCC_WARN_ABOUT_RETURN_TYPE = YES_ERROR;
				GCC_WARN_UNDECLARED_SELECTOR = YES;
				GCC_WARN_UNINITIALIZED_AUTOS = YES_AGGRESSIVE;
				GCC_WARN_UNUSED_FUNCTION = YES;
				GCC_WARN_UNUSED_VARIABLE = YES;
				IPHONEOS_DEPLOYMENT_TARGET = 9.3;
				MTL_ENABLE_DEBUG_INFO = NO;
				SDKROOT = iphoneos;
				VALIDATE_PRODUCT = YES;
			};
			name = Release;
		};
		02F796EE1D8689EC0014410B /* Debug */ = {
			isa = XCBuildConfiguration;
			buildSettings = {
				ASSETCATALOG_COMPILER_APPICON_NAME = AppIcon;
				INFOPLIST_FILE = Test63/Info.plist;
				LD_RUNPATH_SEARCH_PATHS = "$(inherited) @executable_path/Frameworks";
				PRODUCT_BUNDLE_IDENTIFIER = YueQi.Test63;
				PRODUCT_NAME = "$(TARGET_NAME)";
			};
			name = Debug;
		};
		02F796EF1D8689EC0014410B /* Release */ = {
			isa = XCBuildConfiguration;
			buildSettings = {
				ASSETCATALOG_COMPILER_APPICON_NAME = AppIcon;
				INFOPLIST_FILE = Test63/Info.plist;
				LD_RUNPATH_SEARCH_PATHS = "$(inherited) @executable_path/Frameworks";
				PRODUCT_BUNDLE_IDENTIFIER = YueQi.Test63;
				PRODUCT_NAME = "$(TARGET_NAME)";
			};
			name = Release;
		};
/* End XCBuildConfiguration section */

/* Begin XCConfigurationList section */
		02F796D11D8689EC0014410B /* Build configuration list for PBXProject "Test63" */ = {
			isa = XCConfigurationList;
			buildConfigurations = (
				02F796EB1D8689EC0014410B /* Debug */,
				02F796EC1D8689EC0014410B /* Release */,
			);
			defaultConfigurationIsVisible = 0;
			defaultConfigurationName = Release;
		};
		02F796ED1D8689EC0014410B /* Build configuration list for PBXNativeTarget "Test63" */ = {
			isa = XCConfigurationList;
			buildConfigurations = (
				02F796EE1D8689EC0014410B /* Debug */,
				02F796EF1D8689EC0014410B /* Release */,
			);
			defaultConfigurationIsVisible = 0;
		};
/* End XCConfigurationList section */
	};
	rootObject = 02F796CE1D8689EC0014410B /* Project object */;
}
